
Microsoft Visual Studio Solution File, Format Version 12.00
# Visual Studio Version 16
VisualStudioVersion = 16.0.30503.244
MinimumVisualStudioVersion = 10.0.40219.1
Project("{888888A0-9F3D-457C-B088-3A5042F75D52}") = "extralabs_basic", "extralabs_basic\extralabs_basic.pyproj", "{DAED59F0-3029-4266-A945-2BA50DAB6D2B}"
EndProject
Global
	GlobalSection(SolutionConfigurationPlatforms) = preSolution
		Debug|Any CPU = Debug|Any CPU
		Release|Any CPU = Release|Any CPU
	EndGlobalSection
	GlobalSection(ProjectConfigurationPlatforms) = postSolution
		{DAED59F0-3029-4266-A945-2BA50DAB6D2B}.Debug|Any CPU.ActiveCfg = Debug|Any CPU
		{DAED59F0-3029-4266-A945-2BA50DAB6D2B}.Release|Any CPU.ActiveCfg = Release|Any CPU
	EndGlobalSection
	GlobalSection(SolutionProperties) = preSolution
		HideSolutionNode = FALSE
	EndGlobalSection
	GlobalSection(ExtensibilityGlobals) = postSolution
		SolutionGuid = {6F53ECE1-EC85-4670-9AFF-7565C93E163B}
	EndGlobalSection
EndGlobal
